Microsoft Visual Studio Solution File, Format Version 12.00
# Visual Studio Version 18
VisualStudioVersion = 18.6.11822.322 stable
MinimumVisualStudioVersion = 10.0.40219.1
Project("{FAE04EC0-301F-11D3-BF4B-00C04F79EFBC}") = "DCSBiosTRC", "DCSBiosTRC.csproj", "{9310980D-820B-4AE2-B66E-533361BFF560}"
EndProject
Global
	GlobalSection(SolutionConfigurationPlatforms) = preSolution
		Debug|Any CPU = Debug|Any CPU
		Release|Any CPU = Release|Any CPU
	EndGlobalSection
	GlobalSection(ProjectConfigurationPlatforms) = postSolution
		{9310980D-820B-4AE2-B66E-533361BFF560}.Debug|Any CPU.ActiveCfg = Debug|Any CPU
		{9310980D-820B-4AE2-B66E-533361BFF560}.Debug|Any CPU.Build.0 = Debug|Any CPU
		{9310980D-820B-4AE2-B66E-533361BFF560}.Release|Any CPU.ActiveCfg = Release|Any CPU
		{9310980D-820B-4AE2-B66E-533361BFF560}.Release|Any CPU.Build.0 = Release|Any CPU
	EndGlobalSection
	GlobalSection(SolutionProperties) = preSolution
		HideSolutionNode = FALSE
	EndGlobalSection
	GlobalSection(ExtensibilityGlobals) = postSolution
		SolutionGuid = {BCEBB10F-844F-431D-8B89-80445C38DFF2}
	EndGlobalSection
EndGlobal
